# This file is automatically @generated by Cargo.
# It is not intended for manual editing.
version = 4

[[package]]
name = "font-contract"
version = "0.0.0"

[[package]]
name = "opentype-profile"
version = "0.0.0"

[[package]]
name = "text-pipeline"
version = "0.0.0"
dependencies = [
 "font-contract",
 "opentype-profile",
 "unicode-bidi",
 "unicode-segmentation",
 "unicode-tables",
]

[[package]]
name = "unicode-bidi"
version = "0.0.0"
dependencies = [
 "unicode-tables",
]

[[package]]
name = "unicode-segmentation"
version = "0.0.0"
dependencies = [
 "unicode-tables",
]

[[package]]
name = "unicode-tables"
version = "0.0.0"
