# This file is automatically @generated by Cargo.
# It is not intended for manual editing.
version = 4

[[package]]
name = "abi"
version = "0.0.0"

[[package]]
name = "bootproto"
version = "0.0.0"

[[package]]
name = "kernel"
version = "0.0.0"
dependencies = [
 "abi",
 "bootproto",
 "term",
]

[[package]]
name = "term"
version = "0.0.0"
