# This file is automatically @generated by Cargo.
# It is not intended for manual editing.
version = 4

[[package]]
name = "abi"
version = "0.0.0"

[[package]]
name = "ipc-client"
version = "0.0.0"
dependencies = [
 "rt",
 "wire",
]

[[package]]
name = "pix"
version = "0.0.0"

[[package]]
name = "proto"
version = "0.0.0"
dependencies = [
 "wire",
]

[[package]]
name = "rt"
version = "0.0.0"
dependencies = [
 "abi",
]

[[package]]
name = "surface"
version = "0.0.0"
dependencies = [
 "ipc-client",
 "pix",
 "proto",
 "rt",
]

[[package]]
name = "wire"
version = "0.0.0"
