# This file is automatically @generated by Cargo.
# It is not intended for manual editing.
version = 4

[[package]]
name = "abi"
version = "0.0.0"

[[package]]
name = "pix"
version = "0.0.0"

[[package]]
name = "proto"
version = "0.0.0"

[[package]]
name = "rt"
version = "0.0.0"
dependencies = [
 "abi",
 "proto",
]

[[package]]
name = "surface"
version = "0.0.0"
dependencies = [
 "pix",
 "proto",
 "rt",
]
