# This file is automatically @generated by Cargo.
# It is not intended for manual editing.
version = 4

[[package]]
name = "font-parse"
version = "0.0.0"
dependencies = [
 "opentype-profile",
]

[[package]]
name = "font-shape"
version = "0.0.0"
dependencies = [
 "font-parse",
 "opentype-profile",
 "unicode-tables",
]

[[package]]
name = "opentype-profile"
version = "0.0.0"

[[package]]
name = "unicode-tables"
version = "0.0.0"
