# This file is automatically @generated by Cargo.
# It is not intended for manual editing.
version = 4

[[package]]
name = "abi"
version = "0.0.0"

[[package]]
name = "base-proto"
version = "0.0.0"
dependencies = [
 "wire",
]

[[package]]
name = "bootproto"
version = "0.0.0"

[[package]]
name = "config-proto"
version = "0.0.0"
dependencies = [
 "base-proto",
 "ipc-client",
 "storage-proto",
 "wire",
]

[[package]]
name = "display-proto"
version = "0.0.0"
dependencies = [
 "base-proto",
 "ipc-client",
 "process-proto",
 "wire",
]

[[package]]
name = "input-proto"
version = "0.0.0"
dependencies = [
 "base-proto",
 "ipc-client",
 "wire",
]

[[package]]
name = "ipc-client"
version = "0.0.0"
dependencies = [
 "rt",
 "wire",
]

[[package]]
name = "keys"
version = "0.0.0"
dependencies = [
 "proto",
]

[[package]]
name = "pcm"
version = "0.0.0"

[[package]]
name = "pix"
version = "0.0.0"

[[package]]
name = "process-proto"
version = "0.0.0"
dependencies = [
 "base-proto",
 "ipc-client",
 "wire",
]

[[package]]
name = "proto"
version = "0.0.0"
dependencies = [
 "base-proto",
 "config-proto",
 "display-proto",
 "input-proto",
 "ipc-client",
 "process-proto",
 "security-proto",
 "session-proto",
 "storage-proto",
 "wire",
]

[[package]]
name = "rt"
version = "0.0.0"
dependencies = [
 "abi",
]

[[package]]
name = "security-proto"
version = "0.0.0"
dependencies = [
 "base-proto",
 "ipc-client",
 "process-proto",
 "wire",
]

[[package]]
name = "services"
version = "0.0.0"
dependencies = [
 "abi",
 "bootproto",
 "ipc-client",
 "keys",
 "pcm",
 "pix",
 "proto",
 "rt",
 "surface",
 "term",
 "wasm",
]

[[package]]
name = "session-proto"
version = "0.0.0"
dependencies = [
 "base-proto",
 "ipc-client",
 "process-proto",
 "wire",
]

[[package]]
name = "storage-proto"
version = "0.0.0"
dependencies = [
 "base-proto",
 "ipc-client",
 "wire",
]

[[package]]
name = "surface"
version = "0.0.0"
dependencies = [
 "base-proto",
 "display-proto",
 "input-proto",
 "ipc-client",
 "pix",
 "rt",
]

[[package]]
name = "term"
version = "0.0.0"

[[package]]
name = "wasm"
version = "0.0.0"

[[package]]
name = "wire"
version = "0.0.0"
