# This file is automatically @generated by Cargo.
# It is not intended for manual editing.
version = 4

[[package]]
name = "abi"
version = "0.0.0"

[[package]]
name = "bootproto"
version = "0.0.0"

[[package]]
name = "keys"
version = "0.0.0"
dependencies = [
 "proto",
]

[[package]]
name = "pcm"
version = "0.0.0"

[[package]]
name = "pix"
version = "0.0.0"

[[package]]
name = "proto"
version = "0.0.0"

[[package]]
name = "rt"
version = "0.0.0"
dependencies = [
 "abi",
 "proto",
]

[[package]]
name = "services"
version = "0.0.0"
dependencies = [
 "bootproto",
 "keys",
 "pcm",
 "pix",
 "proto",
 "rt",
 "surface",
 "term",
 "wasm",
]

[[package]]
name = "surface"
version = "0.0.0"
dependencies = [
 "pix",
 "proto",
 "rt",
]

[[package]]
name = "term"
version = "0.0.0"

[[package]]
name = "wasm"
version = "0.0.0"
