# This file is automatically @generated by Cargo.
# It is not intended for manual editing.
version = 4

[[package]]
name = "pix"
version = "0.0.0"

[[package]]
name = "tga"
version = "0.0.0"
dependencies = [
 "pix",
]

[[package]]
name = "tga-conformance"
version = "0.0.0"
dependencies = [
 "pix",
 "tga",
]
