# This file is automatically @generated by Cargo.
# It is not intended for manual editing.
version = 4

[[package]]
name = "bootproto"
version = "0.0.0"

[[package]]
name = "graphics-profile"
version = "0.0.0"

[[package]]
name = "opentype-profile"
version = "0.0.0"

[[package]]
name = "profile-doc"
version = "0.0.0"
dependencies = [
 "bootproto",
 "graphics-profile",
 "opentype-profile",
]
