# This file is automatically @generated by Cargo.
# It is not intended for manual editing.
version = 4

[[package]]
name = "libmp3"
version = "0.0.0"
dependencies = [
 "libpcm",
 "nanomp3",
]

[[package]]
name = "libpcm"
version = "0.0.0"

[[package]]
name = "nanomp3"
version = "0.1.1"
source = "registry+https://github.com/rust-lang/crates.io-index"
checksum = "f69bdf7e634dc76798adc292ebd4f6e8e125cde6843a264fe398c52c3f7e8541"
