# This file is automatically @generated by Cargo.
# It is not intended for manual editing.
version = 4

[[package]]
name = "device-client"
version = "0.0.0"
dependencies = [
 "proto",
]

[[package]]
name = "proto"
version = "0.0.0"
dependencies = [
 "wire",
]

[[package]]
name = "wire"
version = "0.0.0"
