# This file is automatically @generated by Cargo.
# It is not intended for manual editing.
version = 4

[[package]]
name = "adler2"
version = "2.0.1"
source = "registry+https://github.com/rust-lang/crates.io-index"
checksum = "320119579fcad9c21884f5c4861d16174d0e06250625266f50fe6898340abefa"

[[package]]
name = "ai-image-webp"
version = "0.2.4"
source = "registry+https://github.com/rust-lang/crates.io-index"
checksum = "20be4572a507106d94cd63f4f37d446b70feb1d8a437ca1ec0aa2147a0324e2a"
dependencies = [
 "ai-quick-error",
 "ai_byteorder_lite",
 "hashbrown",
 "no_std_io",
]

[[package]]
name = "ai-quick-error"
version = "2.0.1"
source = "registry+https://github.com/rust-lang/crates.io-index"
checksum = "8126403735bb6f9a373d5b48642b0ba096a4f17ba070f79173e663fb58a26978"

[[package]]
name = "ai_byteorder_lite"
version = "0.1.0"
source = "registry+https://github.com/rust-lang/crates.io-index"
checksum = "14140b81299b0dd16e73c108358d725072f5956707b0e6c901da05ea8bf8ad40"
dependencies = [
 "no_std_io",
]

[[package]]
name = "allocator-api2"
version = "0.2.21"
source = "registry+https://github.com/rust-lang/crates.io-index"
checksum = "683d7910e743518b0e34f1186f92494becacb047c7b6bf616c96772180fef923"

[[package]]
name = "apng"
version = "0.0.0"
dependencies = [
 "pix",
 "png",
]

[[package]]
name = "bmp"
version = "0.0.0"
dependencies = [
 "pix",
]

[[package]]
name = "bytemuck"
version = "1.25.1"
source = "registry+https://github.com/rust-lang/crates.io-index"
checksum = "d6aedf8ae72766347502cf3cb4f41cf5e9cc37d28bee90f1fdaaae15f9cf9424"

[[package]]
name = "deflate"
version = "0.0.0"
dependencies = [
 "miniz_oxide",
]

[[package]]
name = "equivalent"
version = "1.0.2"
source = "registry+https://github.com/rust-lang/crates.io-index"
checksum = "877a4ace8713b0bcf2a4e7eec82529c029f1d0619886d18145fea96c3ffe5c0f"

[[package]]
name = "foldhash"
version = "0.1.5"
source = "registry+https://github.com/rust-lang/crates.io-index"
checksum = "d9c4f5dac5e15c24eb999c26181a6ca40b39fe946cbe4c263c7209467bc83af2"

[[package]]
name = "gif"
version = "0.0.0"
dependencies = [
 "pix",
 "quantize",
 "weezl",
]

[[package]]
name = "hashbrown"
version = "0.15.5"
source = "registry+https://github.com/rust-lang/crates.io-index"
checksum = "9229cfe53dfd69f0609a49f65461bd93001ea1ef889cd5529dd176593f5338a1"
dependencies = [
 "allocator-api2",
 "equivalent",
 "foldhash",
]

[[package]]
name = "icns"
version = "0.0.0"
dependencies = [
 "pix",
 "png",
]

[[package]]
name = "ico"
version = "0.0.0"
dependencies = [
 "pix",
 "png",
]

[[package]]
name = "imgconv"
version = "0.0.0"
dependencies = [
 "apng",
 "bmp",
 "gif",
 "icns",
 "ico",
 "jpeg",
 "pcx",
 "pix",
 "png",
 "ppm",
 "qoi 0.0.0",
 "tga",
 "webp",
]

[[package]]
name = "inflate"
version = "0.0.0"

[[package]]
name = "jpeg"
version = "0.0.0"
dependencies = [
 "jpeg-encoder",
 "pix",
 "zune-core",
 "zune-jpeg",
]

[[package]]
name = "jpeg-encoder"
version = "0.7.0"
source = "registry+https://github.com/rust-lang/crates.io-index"
checksum = "0b0b36cbb4e6704f12f5b5d7b01dac593982c6550859ebd5a66fb15c9ea27fd5"

[[package]]
name = "memchr"
version = "2.8.3"
source = "registry+https://github.com/rust-lang/crates.io-index"
checksum = "cf8baf1c55e62ffcace7a9f06f4bd9cd3f0c4beb022d3b367256b91b87513d98"

[[package]]
name = "miniz_oxide"
version = "0.9.1"
source = "registry+https://github.com/rust-lang/crates.io-index"
checksum = "b63fbc4a50860e98e7b2aa7804ded1db5cbc3aff9193adaff57a6931bf7c4b4c"
dependencies = [
 "adler2",
]

[[package]]
name = "no_std_io"
version = "0.6.0"
source = "registry+https://github.com/rust-lang/crates.io-index"
checksum = "7fa5f306a6f2c01b4fd172f29bb46195b1764061bf926c75e96ff55df3178208"
dependencies = [
 "memchr",
]

[[package]]
name = "pcx"
version = "0.0.0"
dependencies = [
 "pix",
]

[[package]]
name = "pix"
version = "0.0.0"

[[package]]
name = "png"
version = "0.0.0"
dependencies = [
 "deflate",
 "inflate",
 "pix",
 "quantize",
]

[[package]]
name = "ppm"
version = "0.0.0"
dependencies = [
 "pix",
]

[[package]]
name = "qoi"
version = "0.0.0"
dependencies = [
 "pix",
 "qoi 0.4.1",
]

[[package]]
name = "qoi"
version = "0.4.1"
source = "registry+https://github.com/rust-lang/crates.io-index"
checksum = "7f6d64c71eb498fe9eae14ce4ec935c555749aef511cca85b5568910d6e48001"
dependencies = [
 "bytemuck",
]

[[package]]
name = "quantize"
version = "0.0.0"
dependencies = [
 "pix",
]

[[package]]
name = "tga"
version = "0.0.0"
dependencies = [
 "pix",
]

[[package]]
name = "webp"
version = "0.0.0"
dependencies = [
 "ai-image-webp",
 "no_std_io",
 "pix",
]

[[package]]
name = "weezl"
version = "0.2.1"
source = "registry+https://github.com/rust-lang/crates.io-index"
checksum = "d4ca08e5ef825b65b056d9efbd95c8750683f0a6d0466d02e96dc2e4e360f3d2"

[[package]]
name = "zune-core"
version = "0.5.1"
source = "registry+https://github.com/rust-lang/crates.io-index"
checksum = "cb8a0807f7c01457d0379ba880ba6322660448ddebc890ce29bb64da71fb40f9"

[[package]]
name = "zune-jpeg"
version = "0.5.15"
source = "registry+https://github.com/rust-lang/crates.io-index"
checksum = "27bc9d5b815bc103f142aa054f561d9187d191692ec7c2d1e2b4737f8dbd7296"
dependencies = [
 "zune-core",
]
