# This file is automatically @generated by Cargo.
# It is not intended for manual editing.
version = 4

[[package]]
name = "abi"
version = "0.0.0"

[[package]]
name = "graphics-core"
version = "0.0.0"
dependencies = [
 "graphics-profile",
 "graphics-proto",
 "libm",
]

[[package]]
name = "graphics-profile"
version = "0.0.0"

[[package]]
name = "graphics-proto"
version = "0.0.0"
dependencies = [
 "wire",
]

[[package]]
name = "libm"
version = "0.2.16"
source = "registry+https://github.com/rust-lang/crates.io-index"
checksum = "b6d2cec3eae94f9f509c767b45932f1ada8350c4bdb85af2fcab4a3c14807981"

[[package]]
name = "render-math"
version = "0.0.0"

[[package]]
name = "render3d"
version = "0.0.0"
dependencies = [
 "graphics-core",
 "graphics-profile",
 "render-math",
]

[[package]]
name = "scene3d"
version = "0.0.0"
dependencies = [
 "graphics-profile",
 "render-math",
 "render3d",
]

[[package]]
name = "wire"
version = "0.0.0"
dependencies = [
 "abi",
]
