# This file is automatically @generated by Cargo.
# It is not intended for manual editing.
version = 4

[[package]]
name = "abi"
version = "0.0.0"

[[package]]
name = "base-proto"
version = "0.0.0"
dependencies = [
 "wire",
]

[[package]]
name = "ipc-client"
version = "0.0.0"
dependencies = [
 "rt",
 "wire",
]

[[package]]
name = "process-proto"
version = "0.0.0"
dependencies = [
 "base-proto",
 "resources-proto",
 "wire",
]

[[package]]
name = "resources-proto"
version = "0.0.0"
dependencies = [
 "base-proto",
 "wire",
]

[[package]]
name = "rt"
version = "0.0.0"
dependencies = [
 "abi",
 "wire",
]

[[package]]
name = "session-client-provider"
version = "0.0.0"
dependencies = [
 "session-proto",
]

[[package]]
name = "session-proto"
version = "0.0.0"
dependencies = [
 "base-proto",
 "ipc-client",
 "process-proto",
 "wire",
]

[[package]]
name = "wire"
version = "0.0.0"
dependencies = [
 "abi",
]
