# This file is automatically @generated by Cargo.
# It is not intended for manual editing.
version = 4

[[package]]
name = "base-proto"
version = "0.0.0"
dependencies = [
 "wire",
]

[[package]]
name = "observability-client"
version = "0.0.0"
dependencies = [
 "base-proto",
 "observability-proto",
]

[[package]]
name = "observability-proto"
version = "0.0.0"
dependencies = [
 "base-proto",
 "wire",
]

[[package]]
name = "wire"
version = "0.0.0"
