# This file is automatically @generated by Cargo.
# It is not intended for manual editing.
version = 4

[[package]]
name = "abi"
version = "0.0.0"

[[package]]
name = "audio-proto"
version = "0.0.0"
dependencies = [
 "base-proto",
 "ipc-client",
 "wire",
]

[[package]]
name = "base-proto"
version = "0.0.0"
dependencies = [
 "wire",
]

[[package]]
name = "config-proto"
version = "0.0.0"
dependencies = [
 "base-proto",
 "ipc-client",
 "storage-proto",
 "wire",
]

[[package]]
name = "device-proto"
version = "0.0.0"
dependencies = [
 "base-proto",
 "ipc-client",
 "wire",
]

[[package]]
name = "display-proto"
version = "0.0.0"
dependencies = [
 "base-proto",
 "ipc-client",
 "process-proto",
 "wire",
]

[[package]]
name = "input-proto"
version = "0.0.0"
dependencies = [
 "base-proto",
 "ipc-client",
 "wire",
]

[[package]]
name = "ipc-client"
version = "0.0.0"
dependencies = [
 "rt",
 "wire",
]

[[package]]
name = "log-proto"
version = "0.0.0"
dependencies = [
 "base-proto",
 "ipc-client",
 "wire",
]

[[package]]
name = "network-proto"
version = "0.0.0"
dependencies = [
 "base-proto",
 "ipc-client",
 "wire",
]

[[package]]
name = "observability-proto"
version = "0.0.0"
dependencies = [
 "base-proto",
 "ipc-client",
 "wire",
]

[[package]]
name = "process-proto"
version = "0.0.0"
dependencies = [
 "base-proto",
 "ipc-client",
 "wire",
]

[[package]]
name = "proto"
version = "0.0.0"
dependencies = [
 "audio-proto",
 "base-proto",
 "config-proto",
 "device-proto",
 "display-proto",
 "input-proto",
 "ipc-client",
 "log-proto",
 "network-proto",
 "observability-proto",
 "process-proto",
 "resources-proto",
 "security-proto",
 "session-proto",
 "storage-proto",
 "time-proto",
 "wire",
]

[[package]]
name = "resources-proto"
version = "0.0.0"
dependencies = [
 "base-proto",
 "ipc-client",
 "wire",
]

[[package]]
name = "rt"
version = "0.0.0"
dependencies = [
 "abi",
]

[[package]]
name = "security-proto"
version = "0.0.0"
dependencies = [
 "base-proto",
 "ipc-client",
 "process-proto",
 "wire",
]

[[package]]
name = "session-proto"
version = "0.0.0"
dependencies = [
 "base-proto",
 "ipc-client",
 "process-proto",
 "wire",
]

[[package]]
name = "storage-proto"
version = "0.0.0"
dependencies = [
 "base-proto",
 "ipc-client",
 "wire",
]

[[package]]
name = "time-proto"
version = "0.0.0"
dependencies = [
 "base-proto",
 "ipc-client",
 "wire",
]

[[package]]
name = "wire"
version = "0.0.0"
