# This file is automatically @generated by Cargo.
# It is not intended for manual editing.
version = 4

[[package]]
name = "unicode-conformance"
version = "0.0.0"
dependencies = [
 "unicode-segmentation",
 "unicode-tables",
]

[[package]]
name = "unicode-segmentation"
version = "0.0.0"
dependencies = [
 "unicode-tables",
]

[[package]]
name = "unicode-tables"
version = "0.0.0"
