# This file is automatically @generated by Cargo.
# It is not intended for manual editing.
version = 4

[[package]]
name = "base-proto"
version = "0.0.0"
dependencies = [
 "wire",
]

[[package]]
name = "config-client"
version = "0.0.0"
dependencies = [
 "base-proto",
 "config-proto",
]

[[package]]
name = "config-proto"
version = "0.0.0"
dependencies = [
 "base-proto",
 "storage-proto",
 "wire",
]

[[package]]
name = "storage-proto"
version = "0.0.0"
dependencies = [
 "base-proto",
 "wire",
]

[[package]]
name = "wire"
version = "0.0.0"
