# This file is automatically @generated by Cargo.
# It is not intended for manual editing.
version = 4

[[package]]
name = "abi"
version = "0.0.0"

[[package]]
name = "libadpcm"
version = "0.0.0"

[[package]]
name = "libaiff"
version = "0.0.0"
dependencies = [
 "libpcm",
]

[[package]]
name = "libbmp"
version = "0.0.0"
dependencies = [
 "libpix",
]

[[package]]
name = "libflac"
version = "0.0.0"
dependencies = [
 "libpcm",
]

[[package]]
name = "libinflate"
version = "0.0.0"

[[package]]
name = "libkeys"
version = "0.0.0"
dependencies = [
 "proto",
]

[[package]]
name = "libmp3"
version = "0.0.0"
dependencies = [
 "libpcm",
 "nanomp3",
]

[[package]]
name = "libpcm"
version = "0.0.0"

[[package]]
name = "libpix"
version = "0.0.0"

[[package]]
name = "libpng"
version = "0.0.0"
dependencies = [
 "libinflate",
 "libpix",
]

[[package]]
name = "libsurface"
version = "0.0.0"
dependencies = [
 "libpix",
 "proto",
 "rt",
]

[[package]]
name = "libwav"
version = "0.0.0"
dependencies = [
 "libadpcm",
 "libpcm",
]

[[package]]
name = "nanomp3"
version = "0.1.1"
source = "registry+https://github.com/rust-lang/crates.io-index"
checksum = "f69bdf7e634dc76798adc292ebd4f6e8e125cde6843a264fe398c52c3f7e8541"

[[package]]
name = "proto"
version = "0.0.0"

[[package]]
name = "rt"
version = "0.0.0"
dependencies = [
 "abi",
 "proto",
]

[[package]]
name = "tools"
version = "0.0.0"
dependencies = [
 "libaiff",
 "libbmp",
 "libflac",
 "libkeys",
 "libmp3",
 "libpix",
 "libpng",
 "libsurface",
 "libwav",
 "proto",
 "rt",
]
