# This file is automatically @generated by Cargo.
# It is not intended for manual editing.
version = 4

[[package]]
name = "abi"
version = "0.0.0"

[[package]]
name = "adpcm"
version = "0.0.0"

[[package]]
name = "aiff"
version = "0.0.0"
dependencies = [
 "pcm",
]

[[package]]
name = "bmp"
version = "0.0.0"
dependencies = [
 "pix",
]

[[package]]
name = "flac"
version = "0.0.0"
dependencies = [
 "pcm",
]

[[package]]
name = "inflate"
version = "0.0.0"

[[package]]
name = "keys"
version = "0.0.0"
dependencies = [
 "proto",
]

[[package]]
name = "libm"
version = "0.2.16"
source = "registry+https://github.com/rust-lang/crates.io-index"
checksum = "b6d2cec3eae94f9f509c767b45932f1ada8350c4bdb85af2fcab4a3c14807981"

[[package]]
name = "mp3"
version = "0.0.0"
dependencies = [
 "nanomp3",
 "pcm",
]

[[package]]
name = "nanomp3"
version = "0.1.1"
source = "registry+https://github.com/rust-lang/crates.io-index"
checksum = "f69bdf7e634dc76798adc292ebd4f6e8e125cde6843a264fe398c52c3f7e8541"

[[package]]
name = "ogg"
version = "0.0.0"

[[package]]
name = "pcm"
version = "0.0.0"

[[package]]
name = "pix"
version = "0.0.0"

[[package]]
name = "png"
version = "0.0.0"
dependencies = [
 "inflate",
 "pix",
]

[[package]]
name = "proto"
version = "0.0.0"

[[package]]
name = "rt"
version = "0.0.0"
dependencies = [
 "abi",
 "proto",
]

[[package]]
name = "surface"
version = "0.0.0"
dependencies = [
 "pix",
 "proto",
 "rt",
]

[[package]]
name = "tinyvec"
version = "1.12.0"
source = "registry+https://github.com/rust-lang/crates.io-index"
checksum = "bb4ebadaa0af04fab11ae01eb5f9fdb5f9c5b875506e210e71c07873528baa7f"
dependencies = [
 "tinyvec_macros",
]

[[package]]
name = "tinyvec_macros"
version = "0.1.1"
source = "registry+https://github.com/rust-lang/crates.io-index"
checksum = "1f3ccbac311fea05f86f61904b462b55fb3df8837a366dfc601a0161d0532f20"

[[package]]
name = "tools"
version = "0.0.0"
dependencies = [
 "aiff",
 "bmp",
 "flac",
 "keys",
 "mp3",
 "pix",
 "png",
 "proto",
 "rt",
 "surface",
 "vorbis",
 "wav",
 "wavpack",
]

[[package]]
name = "vorbis"
version = "0.0.0"
dependencies = [
 "libm",
 "ogg",
 "pcm",
 "tinyvec",
]

[[package]]
name = "wav"
version = "0.0.0"
dependencies = [
 "adpcm",
 "pcm",
]

[[package]]
name = "wavpack"
version = "0.0.0"
dependencies = [
 "pcm",
]
