# This file is automatically @generated by Cargo.
# It is not intended for manual editing.
version = 4

[[package]]
name = "abi"
version = "0.0.0"

[[package]]
name = "libbmp"
version = "0.0.0"
dependencies = [
 "libpix",
]

[[package]]
name = "libinflate"
version = "0.0.0"

[[package]]
name = "libkeys"
version = "0.0.0"
dependencies = [
 "proto",
]

[[package]]
name = "libpix"
version = "0.0.0"

[[package]]
name = "libpng"
version = "0.0.0"
dependencies = [
 "libinflate",
 "libpix",
]

[[package]]
name = "libsurface"
version = "0.0.0"
dependencies = [
 "libpix",
 "proto",
 "rt",
]

[[package]]
name = "proto"
version = "0.0.0"

[[package]]
name = "rt"
version = "0.0.0"
dependencies = [
 "abi",
 "proto",
]

[[package]]
name = "tools"
version = "0.0.0"
dependencies = [
 "libbmp",
 "libkeys",
 "libpix",
 "libpng",
 "libsurface",
 "proto",
 "rt",
]
