# This file is automatically @generated by Cargo.
# It is not intended for manual editing.
version = 4

[[package]]
name = "bmp"
version = "0.0.0"
dependencies = [
 "pix",
 "quantize",
]

[[package]]
name = "bmp-conformance"
version = "0.0.0"
dependencies = [
 "bmp",
 "pix",
]

[[package]]
name = "pix"
version = "0.0.0"

[[package]]
name = "quantize"
version = "0.0.0"
dependencies = [
 "pix",
]
