# This file is automatically @generated by Cargo.
# It is not intended for manual editing.
version = 4

[[package]]
name = "abi"
version = "0.0.0"

[[package]]
name = "fat"
version = "0.0.0"
dependencies = [
 "fscore",
]

[[package]]
name = "fscore"
version = "0.0.0"

[[package]]
name = "ipc-client"
version = "0.0.0"
dependencies = [
 "rt",
 "wire",
]

[[package]]
name = "iso9660"
version = "0.0.0"
dependencies = [
 "fscore",
]

[[package]]
name = "liberfs"
version = "0.0.0"
dependencies = [
 "fscore",
]

[[package]]
name = "proto"
version = "0.0.0"
dependencies = [
 "wire",
]

[[package]]
name = "rt"
version = "0.0.0"
dependencies = [
 "abi",
]

[[package]]
name = "storage"
version = "0.0.0"
dependencies = [
 "fat",
 "ipc-client",
 "iso9660",
 "liberfs",
 "proto",
 "rt",
 "udf",
]

[[package]]
name = "udf"
version = "0.0.0"
dependencies = [
 "fscore",
]

[[package]]
name = "wire"
version = "0.0.0"
