# This file is automatically @generated by Cargo.
# It is not intended for manual editing.
version = 4

[[package]]
name = "abi"
version = "0.0.0"

[[package]]
name = "base-proto"
version = "0.0.0"
dependencies = [
 "wire",
]

[[package]]
name = "ipc-client"
version = "0.0.0"
dependencies = [
 "rt",
 "wire",
]

[[package]]
name = "rt"
version = "0.0.0"
dependencies = [
 "abi",
]

[[package]]
name = "time-client-provider"
version = "0.0.0"
dependencies = [
 "time-proto",
]

[[package]]
name = "time-proto"
version = "0.0.0"
dependencies = [
 "base-proto",
 "ipc-client",
 "wire",
]

[[package]]
name = "wire"
version = "0.0.0"
