# This file is automatically @generated by Cargo.
# It is not intended for manual editing.
version = 4

[[package]]
name = "abi"
version = "0.0.0"

[[package]]
name = "driver-binding"
version = "0.0.0"
dependencies = [
 "driver-protocol",
]

[[package]]
name = "driver-protocol"
version = "0.0.0"
dependencies = [
 "abi",
]
